{
  "name": "AlertCity",
  "lockfileVersion": 3,
  "requires": true,
  "packages": {
    "": {
      "dependencies": {
        "js-base64": "^3.7.5",
        "react-native-base64": "^0.2.1"
      }
    },
    "node_modules/js-base64": {
      "version": "3.7.5",
      "resolved": "https://registry.npmjs.org/js-base64/-/js-base64-3.7.5.tgz",
      "integrity": "sha512-3MEt5DTINKqfScXKfJFrRbxkrnk2AxPWGBL/ycjz4dK8iqiSJ06UxD8jh8xuh6p10TX4t2+7FsBYVxxQbMg+qA=="
    },
    "node_modules/react-native-base64": {
      "version": "0.2.1",
      "resolved": "https://registry.npmjs.org/react-native-base64/-/react-native-base64-0.2.1.tgz",
      "integrity": "sha512-eHgt/MA8y5ZF0aHfZ1aTPcIkDWxza9AaEk4GcpIX+ZYfZ04RcaNahO+527KR7J44/mD3efYfM23O2C1N44ByWA=="
    }
  }
}
